
Microsoft Visual Studio Solution File, Format Version 12.00
# Visual Studio Version 16
VisualStudioVersion = 16.0.29306.81
MinimumVisualStudioVersion = 10.0.40219.1
Project("{FAE04EC0-301F-11D3-BF4B-00C04F79EFBC}") = "ConsoleApp4", "ConsoleApp4\ConsoleApp4.csproj", "{4BB9A73A-A6F3-4075-9BC3-0AE5D6989AF3}"
EndProject
Global
	GlobalSection(SolutionConfigurationPlatforms) = preSolution
		Debug|Any CPU = Debug|Any CPU
		Release|Any CPU = Release|Any CPU
	EndGlobalSection
	GlobalSection(ProjectConfigurationPlatforms) = postSolution
		{4BB9A73A-A6F3-4075-9BC3-0AE5D6989AF3}.Debug|Any CPU.ActiveCfg = Debug|Any CPU
		{4BB9A73A-A6F3-4075-9BC3-0AE5D6989AF3}.Debug|Any CPU.Build.0 = Debug|Any CPU
		{4BB9A73A-A6F3-4075-9BC3-0AE5D6989AF3}.Release|Any CPU.ActiveCfg = Release|Any CPU
		{4BB9A73A-A6F3-4075-9BC3-0AE5D6989AF3}.Release|Any CPU.Build.0 = Release|Any CPU
	EndGlobalSection
	GlobalSection(SolutionProperties) = preSolution
		HideSolutionNode = FALSE
	EndGlobalSection
	GlobalSection(ExtensibilityGlobals) = postSolution
		SolutionGuid = {14F6C22A-E8DD-4514-B9DC-9B41E32BCEA6}
	EndGlobalSection
EndGlobal
